<?xml version="1.0" encoding="UTF-8" standalone="yes" ?>
<CodeBlocks_project_file>
	<FileVersion major="1" minor="6" />
	<Project>
		<Option title="MyStrategy" />
		<Option pch_mode="2" />
		<Option compiler="gcc" />
		<Option virtualFolders="my/;my/Headers/;my/Sources/;my/Headers/Services/;my/Headers/Tasks/;my/Sources/Services/;my/Sources/Tasks/;my/Headers/Interruptions/;my/Sources/Interruptions/;" />
		<Build>
			<Target title="Debug">
				<Option output="bin/Debug/MyStrategy" prefix_auto="1" extension_auto="1" />
				<Option object_output="obj/Debug/" />
				<Option type="1" />
				<Option compiler="gcc" />
				<Compiler>
					<Add option="-Wall" />
					<Add option="-std=c++14" />
					<Add option="-g" />
					<Add option="-static" />
					<Add option="-fno-optimize-sibling-calls" />
					<Add option="-fno-strict-aliasing" />
					<Add option="-s" />
					<Add option="-lm" />
					<Add option="-x c++" />
					<Add option="-Wtype-limits" />
					<Add option="-Wno-unknown-pragmas" />
					<Add option="-D_LINUX" />
					<Add option="-DDEBUG" />
				</Compiler>
			</Target>
			<Target title="Release">
				<Option output="bin/Release/MyStrategy" prefix_auto="1" extension_auto="1" />
				<Option object_output="obj/Release/" />
				<Option type="1" />
				<Option compiler="gcc" />
				<Compiler>
					<Add option="-O2" />
					<Add option="-std=c++14" />
					<Add option="-static" />
					<Add option="-fno-optimize-sibling-calls" />
					<Add option="-fno-strict-aliasing" />
					<Add option="-D_LINUX" />
					<Add option="-lm" />
					<Add option="-s" />
					<Add option="-x c++" />
					<Add option="-Wall" />
					<Add option="-Wtype-limits" />
					<Add option="-Wno-unknown-pragmas" />
				</Compiler>
				<Linker>
					<Add option="-s" />
				</Linker>
			</Target>
		</Build>
		<Compiler>
			<Add option="-Wall" />
			<Add option="-fexceptions" />
		</Compiler>
		<Unit filename="ActionLimitor.cpp">
			<Option virtualFolder="my/Sources/" />
		</Unit>
		<Unit filename="ActionLimitor.hpp">
			<Option virtualFolder="my/Headers/" />
		</Unit>
		<Unit filename="ActionManager.cpp">
			<Option virtualFolder="my/Sources/" />
		</Unit>
		<Unit filename="ActionManager.hpp">
			<Option virtualFolder="my/Headers/" />
		</Unit>
		<Unit filename="ActiveType.hpp">
			<Option virtualFolder="my/Headers/" />
		</Unit>
		<Unit filename="AsyncDeltaTask.cpp">
			<Option virtualFolder="my/Sources/Tasks/" />
		</Unit>
		<Unit filename="AsyncDeltaTask.hpp">
			<Option virtualFolder="my/Headers/Tasks/" />
		</Unit>
		<Unit filename="AsyncMoveTask.cpp">
			<Option virtualFolder="my/Sources/Tasks/" />
		</Unit>
		<Unit filename="AsyncMoveTask.hpp">
			<Option virtualFolder="my/Headers/Tasks/" />
		</Unit>
		<Unit filename="AsyncRotateTask.cpp">
			<Option virtualFolder="my/Sources/Tasks/" />
		</Unit>
		<Unit filename="AsyncRotateTask.hpp">
			<Option virtualFolder="my/Headers/Tasks/" />
		</Unit>
		<Unit filename="AsyncScaleTask.cpp">
			<Option virtualFolder="my/Sources/Tasks/" />
		</Unit>
		<Unit filename="AsyncScaleTask.hpp">
			<Option virtualFolder="my/Headers/Tasks/" />
		</Unit>
		<Unit filename="AttackInterruption.cpp">
			<Option virtualFolder="my/Sources/Interruptions/" />
		</Unit>
		<Unit filename="AttackInterruption.hpp">
			<Option virtualFolder="my/Headers/Interruptions/" />
		</Unit>
		<Unit filename="AttackService.cpp">
			<Option virtualFolder="my/Sources/Services/" />
		</Unit>
		<Unit filename="AttackService.hpp">
			<Option virtualFolder="my/Headers/Services/" />
		</Unit>
		<Unit filename="BaseBindService.cpp">
			<Option virtualFolder="my/Sources/Services/" />
		</Unit>
		<Unit filename="BaseBindService.hpp">
			<Option virtualFolder="my/Headers/Services/" />
		</Unit>
		<Unit filename="BindTask.cpp">
			<Option virtualFolder="my/Sources/Tasks/" />
		</Unit>
		<Unit filename="BindTask.hpp">
			<Option virtualFolder="my/Headers/Tasks/" />
		</Unit>
		<Unit filename="CategoryBindService.cpp">
			<Option virtualFolder="my/Sources/Services/" />
		</Unit>
		<Unit filename="CategoryBindService.hpp">
			<Option virtualFolder="my/Headers/Services/" />
		</Unit>
		<Unit filename="ChangeActiveTask.cpp">
			<Option virtualFolder="my/Sources/Tasks/" />
		</Unit>
		<Unit filename="ChangeActiveTask.hpp">
			<Option virtualFolder="my/Headers/Tasks/" />
		</Unit>
		<Unit filename="ChangeStateTask.cpp">
			<Option virtualFolder="my/Sources/Tasks/" />
		</Unit>
		<Unit filename="ChangeStateTask.hpp">
			<Option virtualFolder="my/Headers/Tasks/" />
		</Unit>
		<Unit filename="CirculStartGroupService.cpp">
			<Option virtualFolder="my/Sources/Services/" />
		</Unit>
		<Unit filename="CirculStartGroupService.hpp">
			<Option virtualFolder="my/Headers/Services/" />
		</Unit>
		<Unit filename="DamageManager.cpp">
			<Option virtualFolder="my/Sources/" />
		</Unit>
		<Unit filename="DamageManager.hpp">
			<Option virtualFolder="my/Headers/" />
		</Unit>
		<Unit filename="Data.cpp">
			<Option virtualFolder="my/Sources/" />
		</Unit>
		<Unit filename="Data.hpp">
			<Option virtualFolder="my/Headers/" />
		</Unit>
		<Unit filename="EnemySearchService.cpp">
			<Option virtualFolder="my/Sources/Services/" />
		</Unit>
		<Unit filename="EnemySearchService.hpp">
			<Option virtualFolder="my/Headers/Services/" />
		</Unit>
		<Unit filename="Enviroment.cpp">
			<Option virtualFolder="my/Sources/" />
		</Unit>
		<Unit filename="Enviroment.hpp">
			<Option virtualFolder="my/Headers/" />
		</Unit>
		<Unit filename="FightDetectorService.cpp">
			<Option virtualFolder="my/Sources/Services/" />
		</Unit>
		<Unit filename="FightDetectorService.hpp">
			<Option virtualFolder="my/Headers/Services/" />
		</Unit>
		<Unit filename="FrontDetectorService.cpp">
			<Option virtualFolder="my/Sources/Services/" />
		</Unit>
		<Unit filename="FrontDetectorService.hpp">
			<Option virtualFolder="my/Headers/Services/" />
		</Unit>
		<Unit filename="FrontMoveService.cpp">
			<Option virtualFolder="my/Sources/Services/" />
		</Unit>
		<Unit filename="FrontMoveService.hpp">
			<Option virtualFolder="my/Headers/Services/" />
		</Unit>
		<Unit filename="GotoAngleService.cpp">
			<Option virtualFolder="my/Sources/Services/" />
		</Unit>
		<Unit filename="GotoAngleService.hpp">
			<Option virtualFolder="my/Headers/Services/" />
		</Unit>
		<Unit filename="GridGroupTask.cpp">
			<Option virtualFolder="my/Sources/Tasks/" />
		</Unit>
		<Unit filename="GridGroupTask.hpp">
			<Option virtualFolder="my/Headers/Tasks/" />
		</Unit>
		<Unit filename="GroupManager.cpp">
			<Option virtualFolder="my/Sources/" />
		</Unit>
		<Unit filename="GroupManager.hpp">
			<Option virtualFolder="my/Headers/" />
		</Unit>
		<Unit filename="GroupingService.cpp">
			<Option virtualFolder="my/Sources/Services/" />
		</Unit>
		<Unit filename="GroupingService.hpp">
			<Option virtualFolder="my/Headers/Services/" />
		</Unit>
		<Unit filename="HealAngleDetectorService.cpp">
			<Option virtualFolder="my/Sources/Services/" />
		</Unit>
		<Unit filename="HealAngleDetectorService.hpp">
			<Option virtualFolder="my/Headers/Services/" />
		</Unit>
		<Unit filename="IlligalStateException.hpp">
			<Option virtualFolder="my/Headers/" />
		</Unit>
		<Unit filename="Interruption.hpp">
			<Option virtualFolder="my/Headers/" />
		</Unit>
		<Unit filename="InvalidAngleException.hpp">
			<Option virtualFolder="my/Headers/" />
		</Unit>
		<Unit filename="MagicConsts.cpp">
			<Option virtualFolder="my/Sources/" />
		</Unit>
		<Unit filename="MagicConsts.hpp">
			<Option virtualFolder="my/Headers/" />
		</Unit>
		<Unit filename="MoveHelper.cpp">
			<Option virtualFolder="my/Sources/" />
		</Unit>
		<Unit filename="MoveHelper.hpp">
			<Option virtualFolder="my/Headers/" />
		</Unit>
		<Unit filename="MyStrategy.cpp" />
		<Unit filename="MyStrategy.h" />
		<Unit filename="PerfectBreakService.cpp">
			<Option virtualFolder="my/Sources/Services/" />
		</Unit>
		<Unit filename="PerfectBreakService.hpp">
			<Option virtualFolder="my/Headers/Services/" />
		</Unit>
		<Unit filename="RegroupService.cpp">
			<Option virtualFolder="my/Sources/Services/" />
		</Unit>
		<Unit filename="RegroupService.hpp">
			<Option virtualFolder="my/Headers/Services/" />
		</Unit>
		<Unit filename="RemoteProcessClient.cpp" />
		<Unit filename="RemoteProcessClient.h" />
		<Unit filename="Repos.cpp">
			<Option virtualFolder="my/Sources/" />
		</Unit>
		<Unit filename="Repos.hpp">
			<Option virtualFolder="my/Headers/" />
		</Unit>
		<Unit filename="RotateService.cpp">
			<Option virtualFolder="my/Sources/Services/" />
		</Unit>
		<Unit filename="RotateService.hpp">
			<Option virtualFolder="my/Headers/Services/" />
		</Unit>
		<Unit filename="Runner.cpp" />
		<Unit filename="Runner.h" />
		<Unit filename="SelectTask.cpp">
			<Option virtualFolder="my/Sources/Tasks/" />
		</Unit>
		<Unit filename="SelectTask.hpp">
			<Option virtualFolder="my/Headers/Tasks/" />
		</Unit>
		<Unit filename="Service.hpp">
			<Option virtualFolder="my/Headers/" />
		</Unit>
		<Unit filename="ServiceManager.cpp">
			<Option virtualFolder="my/Sources/" />
		</Unit>
		<Unit filename="ServiceManager.hpp">
			<Option virtualFolder="my/Headers/" />
		</Unit>
		<Unit filename="SleepTask.cpp">
			<Option virtualFolder="my/Sources/Tasks/" />
		</Unit>
		<Unit filename="SleepTask.hpp">
			<Option virtualFolder="my/Headers/Tasks/" />
		</Unit>
		<Unit filename="SmartStartGroupService.cpp">
			<Option virtualFolder="my/Sources/Services/" />
		</Unit>
		<Unit filename="SmartStartGroupService.hpp">
			<Option virtualFolder="my/Headers/Services/" />
		</Unit>
		<Unit filename="SpeedBarrierTask.cpp">
			<Option virtualFolder="my/Sources/Tasks/" />
		</Unit>
		<Unit filename="SpeedBarrierTask.hpp">
			<Option virtualFolder="my/Headers/Tasks/" />
		</Unit>
		<Unit filename="SpeedManager.cpp">
			<Option virtualFolder="my/Sources/" />
		</Unit>
		<Unit filename="SpeedManager.hpp">
			<Option virtualFolder="my/Headers/" />
		</Unit>
		<Unit filename="StateType.hpp">
			<Option virtualFolder="my/Headers/" />
		</Unit>
		<Unit filename="StopTask.cpp">
			<Option virtualFolder="my/Sources/Tasks/" />
		</Unit>
		<Unit filename="StopTask.hpp">
			<Option virtualFolder="my/Headers/Tasks/" />
		</Unit>
		<Unit filename="Strategy.cpp" />
		<Unit filename="Strategy.h" />
		<Unit filename="Task.hpp">
			<Option virtualFolder="my/Headers/" />
		</Unit>
		<Unit filename="TaskManager.cpp">
			<Option virtualFolder="my/Sources/" />
		</Unit>
		<Unit filename="TaskManager.hpp">
			<Option virtualFolder="my/Headers/" />
		</Unit>
		<Unit filename="TempService.cpp">
			<Option virtualFolder="my/Sources/Services/" />
		</Unit>
		<Unit filename="TempService.hpp">
			<Option virtualFolder="my/Headers/Services/" />
		</Unit>
		<Unit filename="VehicleManager.cpp">
			<Option virtualFolder="my/Sources/" />
		</Unit>
		<Unit filename="VehicleManager.hpp">
			<Option virtualFolder="my/Headers/" />
		</Unit>
		<Unit filename="csimplesocket/ActiveSocket.cpp" />
		<Unit filename="csimplesocket/ActiveSocket.h" />
		<Unit filename="csimplesocket/HTTPActiveSocket.cpp" />
		<Unit filename="csimplesocket/HTTPActiveSocket.h" />
		<Unit filename="csimplesocket/Host.h" />
		<Unit filename="csimplesocket/PassiveSocket.cpp" />
		<Unit filename="csimplesocket/PassiveSocket.h" />
		<Unit filename="csimplesocket/SimpleSocket.cpp" />
		<Unit filename="csimplesocket/SimpleSocket.h" />
		<Unit filename="csimplesocket/StatTimer.h" />
		<Unit filename="model/ActionType.h" />
		<Unit filename="model/CircularUnit.cpp" />
		<Unit filename="model/CircularUnit.h" />
		<Unit filename="model/Facility.cpp" />
		<Unit filename="model/Facility.h" />
		<Unit filename="model/FacilityType.h" />
		<Unit filename="model/Game.cpp" />
		<Unit filename="model/Game.h" />
		<Unit filename="model/Move.cpp" />
		<Unit filename="model/Move.h" />
		<Unit filename="model/Player.cpp" />
		<Unit filename="model/Player.h" />
		<Unit filename="model/PlayerContext.cpp" />
		<Unit filename="model/PlayerContext.h" />
		<Unit filename="model/TerrainType.h" />
		<Unit filename="model/Unit.cpp" />
		<Unit filename="model/Unit.h" />
		<Unit filename="model/Vehicle.cpp" />
		<Unit filename="model/Vehicle.h" />
		<Unit filename="model/VehicleType.h" />
		<Unit filename="model/VehicleUpdate.cpp" />
		<Unit filename="model/VehicleUpdate.h" />
		<Unit filename="model/WeatherType.h" />
		<Unit filename="model/World.cpp" />
		<Unit filename="model/World.h" />
		<Unit filename="pi.hpp">
			<Option virtualFolder="my/Headers/" />
		</Unit>
		<Extensions>
			<code_completion />
			<debugger />
		</Extensions>
	</Project>
</CodeBlocks_project_file>
